<?xml version="1.0" encoding="utf-8"?>
<Project ToolsVersion="4.0" xmlns="http://schemas.microsoft.com/developer/msbuild/2003">
  <ItemGroup>
    <ClCompile Include="main.cpp">
      <Filter>Source</Filter>
    </ClCompile>
    <ClCompile Include="..\..\PluginSDK\MemReader.cpp">
      <Filter>Source\SDK</Filter>
    </ClCompile>
    <ClCompile Include="..\..\PluginSDK\MemWriter.cpp">
      <Filter>Source\SDK</Filter>
    </ClCompile>
    <ClCompile Include="..\..\PluginSDK\TextureInfo.cpp">
      <Filter>Source\SDK</Filter>
    </ClCompile>
    <ClCompile Include="..\..\PluginSDK\Utilities.cpp">
      <Filter>Source\SDK</Filter>
    </ClCompile>
    <ClCompile Include="..\..\PluginSDK\half\half.cpp">
      <Filter>Source\SDK</Filter>
    </ClCompile>
    <ClCompile Include="..\..\PluginSDK\PluginSDK.cpp">
      <Filter>Source\SDK</Filter>
    </ClCompile>
    <ClCompile Include="Loaders\SPR.cpp">
      <Filter>Source\Loaders</Filter>
    </ClCompile>
    <ClCompile Include="Loaders\WAD.cpp">
      <Filter>Source\Loaders</Filter>
    </ClCompile>
    <ClCompile Include="Loaders\BSP.cpp">
      <Filter>Source\Loaders</Filter>
    </ClCompile>
    <ClCompile Include="Loaders\LMP.cpp">
      <Filter>Source\Loaders</Filter>
    </ClCompile>
    <ClCompile Include="Loaders\PAK.cpp">
      <Filter>Source\Loaders</Filter>
    </ClCompile>
    <ClCompile Include="Package.cpp">
      <Filter>Source</Filter>
    </ClCompile>
    <ClCompile Include="Loaders\DDS.cpp">
      <Filter>Source\Loaders</Filter>
    </ClCompile>
  </ItemGroup>
  <ItemGroup>
    <ClInclude Include="DLLExports.h">
      <Filter>Header Files</Filter>
    </ClInclude>
    <ClInclude Include="Quake.h">
      <Filter>Header Files</Filter>
    </ClInclude>
    <ClInclude Include="Package.h">
      <Filter>Header Files</Filter>
    </ClInclude>
    <ClInclude Include="Context.h">
      <Filter>Header Files</Filter>
    </ClInclude>
  </ItemGroup>
  <ItemGroup>
    <Filter Include="Source">
      <UniqueIdentifier>{c1dee24e-23e4-4c87-b9d4-67000166be00}</UniqueIdentifier>
    </Filter>
    <Filter Include="Header Files">
      <UniqueIdentifier>{94b7c42d-b0d7-4849-a2a7-7adaf879c789}</UniqueIdentifier>
    </Filter>
    <Filter Include="Source\SDK">
      <UniqueIdentifier>{3ca89f4c-9418-4e37-bd2c-e977aae72c4b}</UniqueIdentifier>
    </Filter>
    <Filter Include="Source\Loaders">
      <UniqueIdentifier>{4661fdc4-025d-4aca-85bd-6d678287cce9}</UniqueIdentifier>
    </Filter>
  </ItemGroup>
</Project>