<?xml version="1.0" encoding="utf-8"?>
<Project ToolsVersion="4.0" xmlns="http://schemas.microsoft.com/developer/msbuild/2003">
  <ItemGroup>
    <Filter Include="Source Files">
      <UniqueIdentifier>{4FC737F1-C7A5-4376-A066-2A32D752A2FF}</UniqueIdentifier>
      <Extensions>cpp;c;cc;cxx;def;odl;idl;hpj;bat;asm;asmx</Extensions>
    </Filter>
    <Filter Include="Header Files">
      <UniqueIdentifier>{93995380-89BD-4b04-88EB-625FBE52EBFB}</UniqueIdentifier>
      <Extensions>h;hh;hpp;hxx;hm;inl;inc;ipp;xsd</Extensions>
    </Filter>
    <Filter Include="Resource Files">
      <UniqueIdentifier>{67DA6AB6-F800-4c08-8B7A-83BB121AAD01}</UniqueIdentifier>
      <Extensions>rc;ico;cur;bmp;dlg;rc2;rct;bin;rgs;gif;jpg;jpeg;jpe;resx;tiff;tif;png;wav;mfcribbon-ms</Extensions>
    </Filter>
    <Filter Include="Header Files\GMFSDK">
      <UniqueIdentifier>{fcc57160-0d33-49f9-b17a-5af37aba35ad}</UniqueIdentifier>
    </Filter>
    <Filter Include="Header Files\Vulkan">
      <UniqueIdentifier>{6d0abd6a-b418-41b1-8067-50be24cb8d80}</UniqueIdentifier>
    </Filter>
    <Filter Include="Source Files\PluginSDK">
      <UniqueIdentifier>{925b84cc-32be-42da-b266-5773a2d843b9}</UniqueIdentifier>
    </Filter>
  </ItemGroup>
  <ItemGroup>
    <ClCompile Include="main.cpp">
      <Filter>Source Files</Filter>
    </ClCompile>
    <ClCompile Include="..\..\Source\Libraries\PluginSDK\MemReader.cpp">
      <Filter>Source Files\PluginSDK</Filter>
    </ClCompile>
    <ClCompile Include="..\..\Source\Libraries\PluginSDK\MemWriter.cpp">
      <Filter>Source Files\PluginSDK</Filter>
    </ClCompile>
    <ClCompile Include="..\..\Source\Libraries\PluginSDK\TextureInfo.cpp">
      <Filter>Source Files\PluginSDK</Filter>
    </ClCompile>
  </ItemGroup>
  <ItemGroup>
    <ClInclude Include="DLLExports.h">
      <Filter>Header Files</Filter>
    </ClInclude>
    <ClInclude Include="..\SDK\MemWriter.h">
      <Filter>Header Files\GMFSDK</Filter>
    </ClInclude>
    <ClInclude Include="..\SDK\Utilities.h">
      <Filter>Header Files\GMFSDK</Filter>
    </ClInclude>
    <ClInclude Include="Vulkan\VKFormat.h">
      <Filter>Header Files\Vulkan</Filter>
    </ClInclude>
    <ClInclude Include="..\SDK\TextureInfo.h">
      <Filter>Header Files\GMFSDK</Filter>
    </ClInclude>
  </ItemGroup>
</Project>